PODS:
  - SDWebImage (3.8.2):
    - SDWebImage/Core (= 3.8.2)
  - SDWebImage/Core (3.8.2)
  - STTweetLabel (3.1.21)
  - SVWebViewController (1.0)
  - Toast (3.0)

DEPENDENCIES:
  - SDWebImage (~> 3.8)
  - STTweetLabel
  - SVWebViewController
  - Toast (~> 3.0)

SPEC CHECKSUMS:
  SDWebImage: 098e97e6176540799c27e804c96653ee0833d13c
  STTweetLabel: 842bc86cdf13288414440405757478bd4820e1be
  SVWebViewController: c36dda7326e81fcae0abf5d02bf7bbf7e41be901
  Toast: 32c59229abfcf41850162b83bb9259dc84372473

PODFILE CHECKSUM: 403b79558b42fef60062a566eb61b53b7f45c52a

COCOAPODS: 1.1.1
